# This file is automatically @generated by Cargo.
# It is not intended for manual editing.
version = 3

[[package]]
name = "bubble"
version = "0.1.0"

[[package]]
name = "insertion"
version = "0.1.0"

[[package]]
name = "merge"
version = "0.1.0"

[[package]]
name = "quick"
version = "0.1.0"

[[package]]
name = "selection"
version = "0.1.0"

[[package]]
name = "sorting"
version = "0.1.0"
